// !$*UTF8*$!
{
	archiveVersion = 1;
	classes = {
	};
	objectVersion = 50;
	objects = {

/* Begin PBXBuildFile section */
		749FA6C123CADBE9002FBB4E /* AppDelegate.swift in Sources */ = {isa = PBXBuildFile; fileRef = 749FA6C023CADBE9002FBB4E /* AppDelegate.swift */; };
		749FA6C323CADBE9002FBB4E /* SceneDelegate.swift in Sources */ = {isa = PBXBuildFile; fileRef = 749FA6C223CADBE9002FBB4E /* SceneDelegate.swift */; };
		749FA6C823CADBE9002FBB4E /* Main.storyboard in Resources */ = {isa = PBXBuildFile; fileRef = 749FA6C623CADBE9002FBB4E /* Main.storyboard */; };
		749FA6CA23CADBEA002FBB4E /* Assets.xcassets in Resources */ = {isa = PBXBuildFile; fileRef = 749FA6C923CADBEA002FBB4E /* Assets.xcassets */; };
		749FA6CD23CADBEA002FBB4E /* LaunchScreen.storyboard in Resources */ = {isa = PBXBuildFile; fileRef = 749FA6CB23CADBEA002FBB4E /* LaunchScreen.storyboard */; };
		749FA6D723CADCFE002FBB4E /* TakePictureViewController.swift in Sources */ = {isa = PBXBuildFile; fileRef = 749FA6D623CADCFE002FBB4E /* TakePictureViewController.swift */; };
		749FA6D923CAE171002FBB4E /* PlaceDetailsViewController.swift in Sources */ = {isa = PBXBuildFile; fileRef = 749FA6D823CAE171002FBB4E /* PlaceDetailsViewController.swift */; };
/* End PBXBuildFile section */

/* Begin PBXFileReference section */
		749FA6BD23CADBE9002FBB4E /* PlaceItSheHacks.app */ = {isa = PBXFileReference; explicitFileType = wrapper.application; includeInIndex = 0; path = PlaceItSheHacks.app; sourceTree = BUILT_PRODUCTS_DIR; };
		749FA6C023CADBE9002FBB4E /* AppDelegate.swift */ = {isa = PBXFileReference; lastKnownFileType = sourcecode.swift; path = AppDelegate.swift; sourceTree = "<group>"; };
		749FA6C223CADBE9002FBB4E /* SceneDelegate.swift */ = {isa = PBXFileReference; lastKnownFileType = sourcecode.swift; path = SceneDelegate.swift; sourceTree = "<group>"; };
		749FA6C723CADBE9002FBB4E /* Base */ = {isa = PBXFileReference; lastKnownFileType = file.storyboard; name = Base; path = Base.lproj/Main.storyboard; sourceTree = "<group>"; };
		749FA6C923CADBEA002FBB4E /* Assets.xcassets */ = {isa = PBXFileReference; lastKnownFileType = folder.assetcatalog; path = Assets.xcassets; sourceTree = "<group>"; };
		749FA6CC23CADBEA002FBB4E /* Base */ = {isa = PBXFileReference; lastKnownFileType = file.storyboard; name = Base; path = Base.lproj/LaunchScreen.storyboard; sourceTree = "<group>"; };
		749FA6CE23CADBEA002FBB4E /* Info.plist */ = {isa = PBXFileReference; lastKnownFileType = text.plist.xml; path = Info.plist; sourceTree = "<group>"; };
		749FA6D623CADCFE002FBB4E /* TakePictureViewController.swift */ = {isa = PBXFileReference; lastKnownFileType = sourcecode.swift; path = TakePictureViewController.swift; sourceTree = "<group>"; };
		749FA6D823CAE171002FBB4E /* PlaceDetailsViewController.swift */ = {isa = PBXFileReference; lastKnownFileType = sourcecode.swift; path = PlaceDetailsViewController.swift; sourceTree = "<group>"; };
/* End PBXFileReference section */

/* Begin PBXFrameworksBuildPhase section */
		749FA6BA23CADBE9002FBB4E /* Frameworks */ = {
			isa = PBXFrameworksBuildPhase;
			buildActionMask = 2147483647;
			files = (
			);
			runOnlyForDeploymentPostprocessing = 0;
		};
/* End PBXFrameworksBuildPhase section */

/* Begin PBXGroup section */
		749FA6B423CADBE9002FBB4E = {
			isa = PBXGroup;
			children = (
				749FA6BF23CADBE9002FBB4E /* PlaceItSheHacks */,
				749FA6BE23CADBE9002FBB4E /* Products */,
			);
			sourceTree = "<group>";
		};
		749FA6BE23CADBE9002FBB4E /* Products */ = {
			isa = PBXGroup;
			children = (
				749FA6BD23CADBE9002FBB4E /* PlaceItSheHacks.app */,
			);
			name = Products;
			sourceTree = "<group>";
		};
		749FA6BF23CADBE9002FBB4E /* PlaceItSheHacks */ = {
			isa = PBXGroup;
			children = (
				749FA6C023CADBE9002FBB4E /* AppDelegate.swift */,
				749FA6C223CADBE9002FBB4E /* SceneDelegate.swift */,
				749FA6C623CADBE9002FBB4E /* Main.storyboard */,
				749FA6C923CADBEA002FBB4E /* Assets.xcassets */,
				749FA6CB23CADBEA002FBB4E /* LaunchScreen.storyboard */,
				749FA6CE23CADBEA002FBB4E /* Info.plist */,
				749FA6D623CADCFE002FBB4E /* TakePictureViewController.swift */,
				749FA6D823CAE171002FBB4E /* PlaceDetailsViewController.swift */,
			);
			path = PlaceItSheHacks;
			sourceTree = "<group>";
		};
/* End PBXGroup section */

/* Begin PBXNativeTarget section */
		749FA6BC23CADBE9002FBB4E /* PlaceItSheHacks */ = {
			isa = PBXNativeTarget;
			buildConfigurationList = 749FA6D123CADBEA002FBB4E /* Build configuration list for PBXNativeTarget "PlaceItSheHacks" */;
			buildPhases = (
				749FA6B923CADBE9002FBB4E /* Sources */,
				749FA6BA23CADBE9002FBB4E /* Frameworks */,
				749FA6BB23CADBE9002FBB4E /* Resources */,
			);
			buildRules = (
			);
			dependencies = (
			);
			name = PlaceItSheHacks;
			productName = PlaceItSheHacks;
			productReference = 749FA6BD23CADBE9002FBB4E /* PlaceItSheHacks.app */;
			productType = "com.apple.product-type.application";
		};
/* End PBXNativeTarget section */

/* Begin PBXProject section */
		749FA6B523CADBE9002FBB4E /* Project object */ = {
			isa = PBXProject;
			attributes = {
				LastSwiftUpdateCheck = 1130;
				LastUpgradeCheck = 1130;
				ORGANIZATIONNAME = "Samina Khaliq";
				TargetAttributes = {
					749FA6BC23CADBE9002FBB4E = {
						CreatedOnToolsVersion = 11.3;
					};
				};
			};
			buildConfigurationList = 749FA6B823CADBE9002FBB4E /* Build configuration list for PBXProject "PlaceItSheHacks" */;
			compatibilityVersion = "Xcode 9.3";
			developmentRegion = en;
			hasScannedForEncodings = 0;
			knownRegions = (
				en,
				Base,
			);
			mainGroup = 749FA6B423CADBE9002FBB4E;
			productRefGroup = 749FA6BE23CADBE9002FBB4E /* Products */;
			projectDirPath = "";
			projectRoot = "";
			targets = (
				749FA6BC23CADBE9002FBB4E /* PlaceItSheHacks */,
			);
		};
/* End PBXProject section */

/* Begin PBXResourcesBuildPhase section */
		749FA6BB23CADBE9002FBB4E /* Resources */ = {
			isa = PBXResourcesBuildPhase;
			buildActionMask = 2147483647;
			files = (
				749FA6CD23CADBEA002FBB4E /* LaunchScreen.storyboard in Resources */,
				749FA6CA23CADBEA002FBB4E /* Assets.xcassets in Resources */,
				749FA6C823CADBE9002FBB4E /* Main.storyboard in Resources */,
			);
			runOnlyForDeploymentPostprocessing = 0;
		};
/* End PBXResourcesBuildPhase section */

/* Begin PBXSourcesBuildPhase section */
		749FA6B923CADBE9002FBB4E /* Sources */ = {
			isa = PBXSourcesBuildPhase;
			buildActionMask = 2147483647;
			files = (
				749FA6D923CAE171002FBB4E /* PlaceDetailsViewController.swift in Sources */,
				749FA6D723CADCFE002FBB4E /* TakePictureViewController.swift in Sources */,
				749FA6C123CADBE9002FBB4E /* AppDelegate.swift in Sources */,
				749FA6C323CADBE9002FBB4E /* SceneDelegate.swift in Sources */,
			);
			runOnlyForDeploymentPostprocessing = 0;
		};
/* End PBXSourcesBuildPhase section */

/* Begin PBXVariantGroup section */
		749FA6C623CADBE9002FBB4E /* Main.storyboard */ = {
			isa = PBXVariantGroup;
			children = (
				749FA6C723CADBE9002FBB4E /* Base */,
			);
			name = Main.storyboard;
			sourceTree = "<group>";
		};
		749FA6CB23CADBEA002FBB4E /* LaunchScreen.storyboard */ = {
			isa = PBXVariantGroup;
			children = (
				749FA6CC23CADBEA002FBB4E /* Base */,
			);
			name = LaunchScreen.storyboard;
			sourceTree = "<group>";
		};
/* End PBXVariantGroup section */

/* Begin XCBuildConfiguration section */
		749FA6CF23CADBEA002FBB4E /* Debug */ = {
			isa = XCBuildConfiguration;
			buildSettings = {
				ALWAYS_SEARCH_USER_PATHS = NO;
				CLANG_ANALYZER_NONNULL = YES;
				CLANG_ANALYZER_NUMBER_OBJECT_CONVERSION = YES_AGGRESSIVE;
				CLANG_CXX_LANGUAGE_STANDARD = "gnu++14";
				CLANG_CXX_LIBRARY = "libc++";
				CLANG_ENABLE_MODULES = YES;
				CLANG_ENABLE_OBJC_ARC = YES;
				CLANG_ENABLE_OBJC_WEAK = YES;
				CLANG_WARN_BLOCK_CAPTURE_AUTORELEASING = YES;
				CLANG_WARN_BOOL_CONVERSION = YES;
				CLANG_WARN_COMMA = YES;
				CLANG_WARN_CONSTANT_CONVERSION = YES;
				CLANG_WARN_DEPRECATED_OBJC_IMPLEMENTATIONS = YES;
				CLANG_WARN_DIRECT_OBJC_ISA_USAGE = YES_ERROR;
				CLANG_WARN_DOCUMENTATION_COMMENTS = YES;
				CLANG_WARN_EMPTY_BODY = YES;
				CLANG_WARN_ENUM_CONVERSION = YES;
				CLANG_WARN_INFINITE_RECURSION = YES;
				CLANG_WARN_INT_CONVERSION = YES;
				CLANG_WARN_NON_LITERAL_NULL_CONVERSION = YES;
				CLANG_WARN_OBJC_IMPLICIT_RETAIN_SELF = YES;
				CLANG_WARN_OBJC_LITERAL_CONVERSION = YES;
				CLANG_WARN_OBJC_ROOT_CLASS = YES_ERROR;
				CLANG_WARN_RANGE_LOOP_ANALYSIS = YES;
				CLANG_WARN_STRICT_PROTOTYPES = YES;
				CLANG_WARN_SUSPICIOUS_MOVE = YES;
				CLANG_WARN_UNGUARDED_AVAILABILITY = YES_AGGRESSIVE;
				CLANG_WARN_UNREACHABLE_CODE = YES;
				CLANG_WARN__DUPLICATE_METHOD_MATCH = YES;
				COPY_PHASE_STRIP = NO;
				DEBUG_INFORMATION_FORMAT = dwarf;
				ENABLE_STRICT_OBJC_MSGSEND = YES;
				ENABLE_TESTABILITY = YES;
				GCC_C_LANGUAGE_STANDARD = gnu11;
				GCC_DYNAMIC_NO_PIC = NO;
				GCC_NO_COMMON_BLOCKS = YES;
				GCC_OPTIMIZATION_LEVEL = 0;
				GCC_PREPROCESSOR_DEFINITIONS = (
					"DEBUG=1",
					"$(inherited)",
				);
				GCC_WARN_64_TO_32_BIT_CONVERSION = YES;
				GCC_WARN_ABOUT_RETURN_TYPE = YES_ERROR;
				GCC_WARN_UNDECLARED_SELECTOR = YES;
				GCC_WARN_UNINITIALIZED_AUTOS = YES_AGGRESSIVE;
				GCC_WARN_UNUSED_FUNCTION = YES;
				GCC_WARN_UNUSED_VARIABLE = YES;
				IPHONEOS_DEPLOYMENT_TARGET = 13.2;
				MTL_ENABLE_DEBUG_INFO = INCLUDE_SOURCE;
				MTL_FAST_MATH = YES;
				ONLY_ACTIVE_ARCH = YES;
				SDKROOT = iphoneos;
				SWIFT_ACTIVE_COMPILATION_CONDITIONS = DEBUG;
				SWIFT_OPTIMIZATION_LEVEL = "-Onone";
			};
			name = Debug;
		};
		749FA6D023CADBEA002FBB4E /* Release */ = {
			isa = XCBuildConfiguration;
			buildSettings = {
				ALWAYS_SEARCH_USER_PATHS = NO;
				CLANG_ANALYZER_NONNULL = YES;
				CLANG_ANALYZER_NUMBER_OBJECT_CONVERSION = YES_AGGRESSIVE;
				CLANG_CXX_LANGUAGE_STANDARD = "gnu++14";
				CLANG_CXX_LIBRARY = "libc++";
				CLANG_ENABLE_MODULES = YES;
				CLANG_ENABLE_OBJC_ARC = YES;
				CLANG_ENABLE_OBJC_WEAK = YES;
				CLANG_WARN_BLOCK_CAPTURE_AUTORELEASING = YES;
				CLANG_WARN_BOOL_CONVERSION = YES;
				CLANG_WARN_COMMA = YES;
				CLANG_WARN_CONSTANT_CONVERSION = YES;
				CLANG_WARN_DEPRECATED_OBJC_IMPLEMENTATIONS = YES;
				CLANG_WARN_DIRECT_OBJC_ISA_USAGE = YES_ERROR;
				CLANG_WARN_DOCUMENTATION_COMMENTS = YES;
				CLANG_WARN_EMPTY_BODY = YES;
				CLANG_WARN_ENUM_CONVERSION = YES;
				CLANG_WARN_INFINITE_RECURSION = YES;
				CLANG_WARN_INT_CONVERSION = YES;
				CLANG_WARN_NON_LITERAL_NULL_CONVERSION = YES;
				CLANG_WARN_OBJC_IMPLICIT_RETAIN_SELF = YES;
				CLANG_WARN_OBJC_LITERAL_CONVERSION = YES;
				CLANG_WARN_OBJC_ROOT_CLASS = YES_ERROR;
				CLANG_WARN_RANGE_LOOP_ANALYSIS = YES;
				CLANG_WARN_STRICT_PROTOTYPES = YES;
				CLANG_WARN_SUSPICIOUS_MOVE = YES;
				CLANG_WARN_UNGUARDED_AVAILABILITY = YES_AGGRESSIVE;
				CLANG_WARN_UNREACHABLE_CODE = YES;
				CLANG_WARN__DUPLICATE_METHOD_MATCH = YES;
				COPY_PHASE_STRIP = NO;
				DEBUG_INFORMATION_FORMAT = "dwarf-with-dsym";
				ENABLE_NS_ASSERTIONS = NO;
				ENABLE_STRICT_OBJC_MSGSEND = YES;
				GCC_C_LANGUAGE_STANDARD = gnu11;
				GCC_NO_COMMON_BLOCKS = YES;
				GCC_WARN_64_TO_32_BIT_CONVERSION = YES;
				GCC_WARN_ABOUT_RETURN_TYPE = YES_ERROR;
				GCC_WARN_UNDECLARED_SELECTOR = YES;
				GCC_WARN_UNINITIALIZED_AUTOS = YES_AGGRESSIVE;
				GCC_WARN_UNUSED_FUNCTION = YES;
				GCC_WARN_UNUSED_VARIABLE = YES;
				IPHONEOS_DEPLOYMENT_TARGET = 13.2;
				MTL_ENABLE_DEBUG_INFO = NO;
				MTL_FAST_MATH = YES;
				SDKROOT = iphoneos;
				SWIFT_COMPILATION_MODE = wholemodule;
				SWIFT_OPTIMIZATION_LEVEL = "-O";
				VALIDATE_PRODUCT = YES;
			};
			name = Release;
		};
		749FA6D223CADBEA002FBB4E /* Debug */ = {
			isa = XCBuildConfiguration;
			buildSettings = {
				ASSETCATALOG_COMPILER_APPICON_NAME = AppIcon;
				CODE_SIGN_STYLE = Automatic;
				DEVELOPMENT_TEAM = 3LV22C586P;
				INFOPLIST_FILE = PlaceItSheHacks/Info.plist;
				LD_RUNPATH_SEARCH_PATHS = (
					"$(inherited)",
					"@executable_path/Frameworks",
				);
				PRODUCT_BUNDLE_IDENTIFIER = com.saminakhaliq.PlaceItSheHacks;
				PRODUCT_NAME = "$(TARGET_NAME)";
				SWIFT_VERSION = 5.0;
				TARGETED_DEVICE_FAMILY = "1,2";
			};
			name = Debug;
		};
		749FA6D323CADBEA002FBB4E /* Release */ = {
			isa = XCBuildConfiguration;
			buildSettings = {
				ASSETCATALOG_COMPILER_APPICON_NAME = AppIcon;
				CODE_SIGN_STYLE = Automatic;
				DEVELOPMENT_TEAM = 3LV22C586P;
				INFOPLIST_FILE = PlaceItSheHacks/Info.plist;
				LD_RUNPATH_SEARCH_PATHS = (
					"$(inherited)",
					"@executable_path/Frameworks",
				);
				PRODUCT_BUNDLE_IDENTIFIER = com.saminakhaliq.PlaceItSheHacks;
				PRODUCT_NAME = "$(TARGET_NAME)";
				SWIFT_VERSION = 5.0;
				TARGETED_DEVICE_FAMILY = "1,2";
			};
			name = Release;
		};
/* End XCBuildConfiguration section */

/* Begin XCConfigurationList section */
		749FA6B823CADBE9002FBB4E /* Build configuration list for PBXProject "PlaceItSheHacks" */ = {
			isa = XCConfigurationList;
			buildConfigurations = (
				749FA6CF23CADBEA002FBB4E /* Debug */,
				749FA6D023CADBEA002FBB4E /* Release */,
			);
			defaultConfigurationIsVisible = 0;
			defaultConfigurationName = Release;
		};
		749FA6D123CADBEA002FBB4E /* Build configuration list for PBXNativeTarget "PlaceItSheHacks" */ = {
			isa = XCConfigurationList;
			buildConfigurations = (
				749FA6D223CADBEA002FBB4E /* Debug */,
				749FA6D323CADBEA002FBB4E /* Release */,
			);
			defaultConfigurationIsVisible = 0;
			defaultConfigurationName = Release;
		};
/* End XCConfigurationList section */
	};
	rootObject = 749FA6B523CADBE9002FBB4E /* Project object */;
}
